{
  "name": "static-sca-fixture",
  "lockfileVersion": 3,
  "packages": {
    "": { "dependencies": { "lodash": "^4.17.0" } },
    "node_modules/lodash": { "version": "4.17.10", "dependencies": { "minimist": "^1.0.0" } },
    "node_modules/minimist": { "version": "1.2.0", "dev": true },
    "node_modules/another/node_modules/lodash": { "version": "4.17.10" }
  }
}
